<?xml version="1.0" encoding="utf-8"?>
<Project ToolsVersion="4.0" xmlns="http://schemas.microsoft.com/developer/msbuild/2003">
  <ItemGroup>
    <Filter Include="Source Files">
      <UniqueIdentifier>{4FC737F1-C7A5-4376-A066-2A32D752A2FF}</UniqueIdentifier>
      <Extensions>cpp;c;cc;cxx;def;odl;idl;hpj;bat;asm;asmx</Extensions>
    </Filter>
    <Filter Include="Header Files">
      <UniqueIdentifier>{93995380-89BD-4b04-88EB-625FBE52EBFB}</UniqueIdentifier>
      <Extensions>h;hh;hpp;hxx;hm;inl;inc;xsd</Extensions>
    </Filter>
    <Filter Include="Resource Files">
      <UniqueIdentifier>{67DA6AB6-F800-4c08-8B7A-83BB121AAD01}</UniqueIdentifier>
      <Extensions>rc;ico;cur;bmp;dlg;rc2;rct;bin;rgs;gif;jpg;jpeg;jpe;resx;tiff;tif;png;wav;mfcribbon-ms</Extensions>
    </Filter>
  </ItemGroup>
  <ItemGroup>
    <ClCompile Include="src\winmain.cpp">
      <Filter>Source Files</Filter>
    </ClCompile>
    <ClCompile Include="src\Xwin_main.cpp">
      <Filter>Source Files</Filter>
    </ClCompile>
    <ClCompile Include="src\bwm801_button_info.cpp">
      <Filter>Source Files</Filter>
    </ClCompile>
    <ClCompile Include="src\bwm801_calllist.cpp">
      <Filter>Source Files</Filter>
    </ClCompile>
    <ClCompile Include="src\bwm801_gfx.cpp">
      <Filter>Source Files</Filter>
    </ClCompile>
    <ClCompile Include="src\bwm801_glext.cpp">
      <Filter>Source Files</Filter>
    </ClCompile>
    <ClCompile Include="src\bwm801_main.cpp">
      <Filter>Source Files</Filter>
    </ClCompile>
    <ClCompile Include="src\bwm801_mapspace.cpp">
      <Filter>Source Files</Filter>
    </ClCompile>
    <ClCompile Include="src\bwm801_pair.cpp">
      <Filter>Source Files</Filter>
    </ClCompile>
    <ClCompile Include="src\bwm801_pane.cpp">
      <Filter>Source Files</Filter>
    </ClCompile>
    <ClCompile Include="src\bwm801_quad.cpp">
      <Filter>Source Files</Filter>
    </ClCompile>
    <ClCompile Include="src\bwm801_screenshot.cpp">
      <Filter>Source Files</Filter>
    </ClCompile>
    <ClCompile Include="src\bwm801_sockets.cpp">
      <Filter>Source Files</Filter>
    </ClCompile>
    <ClCompile Include="src\bwm801_texture.cpp">
      <Filter>Source Files</Filter>
    </ClCompile>
    <ClCompile Include="src\bwm801_triplet.cpp">
      <Filter>Source Files</Filter>
    </ClCompile>
    <ClCompile Include="src\linux_bwm801_sockets.cpp">
      <Filter>Source Files</Filter>
    </ClCompile>
    <ClCompile Include="src\win_bwm801_crit_section.cpp">
      <Filter>Source Files</Filter>
    </ClCompile>
    <ClCompile Include="src\win_bwm801_date_time.cpp">
      <Filter>Source Files</Filter>
    </ClCompile>
    <ClCompile Include="src\win_bwm801_sockets.cpp">
      <Filter>Source Files</Filter>
    </ClCompile>
    <ClCompile Include="src\Xwin_bwm801_crit_section.cpp">
      <Filter>Source Files</Filter>
    </ClCompile>
    <ClCompile Include="src\Xwin_bwm801_date_time.cpp">
      <Filter>Source Files</Filter>
    </ClCompile>
    <ClCompile Include="src\bwm801_main_data.cpp">
      <Filter>Source Files</Filter>
    </ClCompile>
    <ClCompile Include="src\bwm801_pane_data.cpp">
      <Filter>Source Files</Filter>
    </ClCompile>
    <ClCompile Include="src\bwm801_button_info_data.cpp">
      <Filter>Source Files</Filter>
    </ClCompile>
    <ClCompile Include="src\Xwin_bwm801_launcher.cpp">
      <Filter>Source Files</Filter>
    </ClCompile>
  </ItemGroup>
  <ItemGroup>
    <ClInclude Include="include\bwm801_glext.h">
      <Filter>Header Files</Filter>
    </ClInclude>
    <ClInclude Include="include\bwm801.h">
      <Filter>Header Files</Filter>
    </ClInclude>
    <ClInclude Include="include\bwm801_button_info.h">
      <Filter>Header Files</Filter>
    </ClInclude>
    <ClInclude Include="include\bwm801_calllist.h">
      <Filter>Header Files</Filter>
    </ClInclude>
    <ClInclude Include="include\bwm801_comm.h">
      <Filter>Header Files</Filter>
    </ClInclude>
    <ClInclude Include="include\bwm801_critsec.h">
      <Filter>Header Files</Filter>
    </ClInclude>
    <ClInclude Include="include\bwm801_datetime.h">
      <Filter>Header Files</Filter>
    </ClInclude>
    <ClInclude Include="include\bwm801_hexmap.h">
      <Filter>Header Files</Filter>
    </ClInclude>
    <ClInclude Include="include\bwm801_hexmap_inst.h">
      <Filter>Header Files</Filter>
    </ClInclude>
    <ClInclude Include="include\bwm801_isohexmap.h">
      <Filter>Header Files</Filter>
    </ClInclude>
    <ClInclude Include="include\bwm801_isohexmap_inst.h">
      <Filter>Header Files</Filter>
    </ClInclude>
    <ClInclude Include="include\bwm801_main.h">
      <Filter>Header Files</Filter>
    </ClInclude>
    <ClInclude Include="include\bwm801_mapbase.h">
      <Filter>Header Files</Filter>
    </ClInclude>
    <ClInclude Include="include\bwm801_mapbase_inst.h">
      <Filter>Header Files</Filter>
    </ClInclude>
    <ClInclude Include="include\bwm801_mapspace.h">
      <Filter>Header Files</Filter>
    </ClInclude>
    <ClInclude Include="include\bwm801_pair.h">
      <Filter>Header Files</Filter>
    </ClInclude>
    <ClInclude Include="include\bwm801_pane.h">
      <Filter>Header Files</Filter>
    </ClInclude>
    <ClInclude Include="include\bwm801_quad.h">
      <Filter>Header Files</Filter>
    </ClInclude>
    <ClInclude Include="include\bwm801_screenshot.h">
      <Filter>Header Files</Filter>
    </ClInclude>
    <ClInclude Include="include\bwm801_texture.h">
      <Filter>Header Files</Filter>
    </ClInclude>
    <ClInclude Include="include\bwm801_triplet.h">
      <Filter>Header Files</Filter>
    </ClInclude>
    <ClInclude Include="include\bwm801_main_data.h">
      <Filter>Header Files</Filter>
    </ClInclude>
    <ClInclude Include="include\bwm801_pane_data.h">
      <Filter>Header Files</Filter>
    </ClInclude>
    <ClInclude Include="include\bwm801_button_info_data.h">
      <Filter>Header Files</Filter>
    </ClInclude>
    <ClInclude Include="include\bwm801_top.h">
      <Filter>Header Files</Filter>
    </ClInclude>
  </ItemGroup>
</Project>